// !$*UTF8*$!
{
	archiveVersion = 1;
	classes = {
	};
	objectVersion = 56;
	objects = {

/* Begin PBXBuildFile section */
		3FEDAC202B6725140051A4B3 /* AppDelegate.swift in Sources */ = {isa = PBXBuildFile; fileRef = 3FEDAC1F2B6725140051A4B3 /* AppDelegate.swift */; };
		3FEDAC222B6725140051A4B3 /* SceneDelegate.swift in Sources */ = {isa = PBXBuildFile; fileRef = 3FEDAC212B6725140051A4B3 /* SceneDelegate.swift */; };
		3FEDAC242B6725140051A4B3 /* ViewController.swift in Sources */ = {isa = PBXBuildFile; fileRef = 3FEDAC232B6725140051A4B3 /* ViewController.swift */; };
		3FEDAC272B6725140051A4B3 /* Main.storyboard in Resources */ = {isa = PBXBuildFile; fileRef = 3FEDAC252B6725140051A4B3 /* Main.storyboard */; };
		3FEDAC292B6725150051A4B3 /* Assets.xcassets in Resources */ = {isa = PBXBuildFile; fileRef = 3FEDAC282B6725150051A4B3 /* Assets.xcassets */; };
		3FEDAC2C2B6725150051A4B3 /* LaunchScreen.storyboard in Resources */ = {isa = PBXBuildFile; fileRef = 3FEDAC2A2B6725150051A4B3 /* LaunchScreen.storyboard */; };
		3FEDAC372B6725150051A4B3 /* Exercise3Tests.swift in Sources */ = {isa = PBXBuildFile; fileRef = 3FEDAC362B6725150051A4B3 /* Exercise3Tests.swift */; };
		3FEDAC412B6725150051A4B3 /* Exercise3UITests.swift in Sources */ = {isa = PBXBuildFile; fileRef = 3FEDAC402B6725150051A4B3 /* Exercise3UITests.swift */; };
		3FEDAC432B6725150051A4B3 /* Exercise3UITestsLaunchTests.swift in Sources */ = {isa = PBXBuildFile; fileRef = 3FEDAC422B6725150051A4B3 /* Exercise3UITestsLaunchTests.swift */; };
/* End PBXBuildFile section */

/* Begin PBXContainerItemProxy section */
		3FEDAC332B6725150051A4B3 /* PBXContainerItemProxy */ = {
			isa = PBXContainerItemProxy;
			containerPortal = 3FEDAC142B6725140051A4B3 /* Project object */;
			proxyType = 1;
			remoteGlobalIDString = 3FEDAC1B2B6725140051A4B3;
			remoteInfo = Exercise3;
		};
		3FEDAC3D2B6725150051A4B3 /* PBXContainerItemProxy */ = {
			isa = PBXContainerItemProxy;
			containerPortal = 3FEDAC142B6725140051A4B3 /* Project object */;
			proxyType = 1;
			remoteGlobalIDString = 3FEDAC1B2B6725140051A4B3;
			remoteInfo = Exercise3;
		};
/* End PBXContainerItemProxy section */

/* Begin PBXFileReference section */
		3FEDAC1C2B6725140051A4B3 /* Exercise3.app */ = {isa = PBXFileReference; explicitFileType = wrapper.application; includeInIndex = 0; path = Exercise3.app; sourceTree = BUILT_PRODUCTS_DIR; };
		3FEDAC1F2B6725140051A4B3 /* AppDelegate.swift */ = {isa = PBXFileReference; lastKnownFileType = sourcecode.swift; path = AppDelegate.swift; sourceTree = "<group>"; };
		3FEDAC212B6725140051A4B3 /* SceneDelegate.swift */ = {isa = PBXFileReference; lastKnownFileType = sourcecode.swift; path = SceneDelegate.swift; sourceTree = "<group>"; };
		3FEDAC232B6725140051A4B3 /* ViewController.swift */ = {isa = PBXFileReference; lastKnownFileType = sourcecode.swift; path = ViewController.swift; sourceTree = "<group>"; };
		3FEDAC262B6725140051A4B3 /* Base */ = {isa = PBXFileReference; lastKnownFileType = file.storyboard; name = Base; path = Base.lproj/Main.storyboard; sourceTree = "<group>"; };
		3FEDAC282B6725150051A4B3 /* Assets.xcassets */ = {isa = PBXFileReference; lastKnownFileType = folder.assetcatalog; path = Assets.xcassets; sourceTree = "<group>"; };
		3FEDAC2B2B6725150051A4B3 /* Base */ = {isa = PBXFileReference; lastKnownFileType = file.storyboard; name = Base; path = Base.lproj/LaunchScreen.storyboard; sourceTree = "<group>"; };
		3FEDAC2D2B6725150051A4B3 /* Info.plist */ = {isa = PBXFileReference; lastKnownFileType = text.plist.xml; path = Info.plist; sourceTree = "<group>"; };
		3FEDAC322B6725150051A4B3 /* Exercise3Tests.xctest */ = {isa = PBXFileReference; explicitFileType = wrapper.cfbundle; includeInIndex = 0; path = Exercise3Tests.xctest; sourceTree = BUILT_PRODUCTS_DIR; };
		3FEDAC362B6725150051A4B3 /* Exercise3Tests.swift */ = {isa = PBXFileReference; lastKnownFileType = sourcecode.swift; path = Exercise3Tests.swift; sourceTree = "<group>"; };
		3FEDAC3C2B6725150051A4B3 /* Exercise3UITests.xctest */ = {isa = PBXFileReference; explicitFileType = wrapper.cfbundle; includeInIndex = 0; path = Exercise3UITests.xctest; sourceTree = BUILT_PRODUCTS_DIR; };
		3FEDAC402B6725150051A4B3 /* Exercise3UITests.swift */ = {isa = PBXFileReference; lastKnownFileType = sourcecode.swift; path = Exercise3UITests.swift; sourceTree = "<group>"; };
		3FEDAC422B6725150051A4B3 /* Exercise3UITestsLaunchTests.swift */ = {isa = PBXFileReference; lastKnownFileType = sourcecode.swift; path = Exercise3UITestsLaunchTests.swift; sourceTree = "<group>"; };
/* End PBXFileReference section */

/* Begin PBXFrameworksBuildPhase section */
		3FEDAC192B6725140051A4B3 /* Frameworks */ = {
			isa = PBXFrameworksBuildPhase;
			buildActionMask = 2147483647;
			files = (
			);
			runOnlyForDeploymentPostprocessing = 0;
		};
		3FEDAC2F2B6725150051A4B3 /* Frameworks */ = {
			isa = PBXFrameworksBuildPhase;
			buildActionMask = 2147483647;
			files = (
			);
			runOnlyForDeploymentPostprocessing = 0;
		};
		3FEDAC392B6725150051A4B3 /* Frameworks */ = {
			isa = PBXFrameworksBuildPhase;
			buildActionMask = 2147483647;
			files = (
			);
			runOnlyForDeploymentPostprocessing = 0;
		};
/* End PBXFrameworksBuildPhase section */

/* Begin PBXGroup section */
		3FEDAC132B6725140051A4B3 = {
			isa = PBXGroup;
			children = (
				3FEDAC1E2B6725140051A4B3 /* Exercise3 */,
				3FEDAC352B6725150051A4B3 /* Exercise3Tests */,
				3FEDAC3F2B6725150051A4B3 /* Exercise3UITests */,
				3FEDAC1D2B6725140051A4B3 /* Products */,
			);
			sourceTree = "<group>";
		};
		3FEDAC1D2B6725140051A4B3 /* Products */ = {
			isa = PBXGroup;
			children = (
				3FEDAC1C2B6725140051A4B3 /* Exercise3.app */,
				3FEDAC322B6725150051A4B3 /* Exercise3Tests.xctest */,
				3FEDAC3C2B6725150051A4B3 /* Exercise3UITests.xctest */,
			);
			name = Products;
			sourceTree = "<group>";
		};
		3FEDAC1E2B6725140051A4B3 /* Exercise3 */ = {
			isa = PBXGroup;
			children = (
				3FEDAC1F2B6725140051A4B3 /* AppDelegate.swift */,
				3FEDAC212B6725140051A4B3 /* SceneDelegate.swift */,
				3FEDAC232B6725140051A4B3 /* ViewController.swift */,
				3FEDAC252B6725140051A4B3 /* Main.storyboard */,
				3FEDAC282B6725150051A4B3 /* Assets.xcassets */,
				3FEDAC2A2B6725150051A4B3 /* LaunchScreen.storyboard */,
				3FEDAC2D2B6725150051A4B3 /* Info.plist */,
			);
			path = Exercise3;
			sourceTree = "<group>";
		};
		3FEDAC352B6725150051A4B3 /* Exercise3Tests */ = {
			isa = PBXGroup;
			children = (
				3FEDAC362B6725150051A4B3 /* Exercise3Tests.swift */,
			);
			path = Exercise3Tests;
			sourceTree = "<group>";
		};
		3FEDAC3F2B6725150051A4B3 /* Exercise3UITests */ = {
			isa = PBXGroup;
			children = (
				3FEDAC402B6725150051A4B3 /* Exercise3UITests.swift */,
				3FEDAC422B6725150051A4B3 /* Exercise3UITestsLaunchTests.swift */,
			);
			path = Exercise3UITests;
			sourceTree = "<group>";
		};
/* End PBXGroup section */

/* Begin PBXNativeTarget section */
		3FEDAC1B2B6725140051A4B3 /* Exercise3 */ = {
			isa = PBXNativeTarget;
			buildConfigurationList = 3FEDAC462B6725150051A4B3 /* Build configuration list for PBXNativeTarget "Exercise3" */;
			buildPhases = (
				3FEDAC182B6725140051A4B3 /* Sources */,
				3FEDAC192B6725140051A4B3 /* Frameworks */,
				3FEDAC1A2B6725140051A4B3 /* Resources */,
			);
			buildRules = (
			);
			dependencies = (
			);
			name = Exercise3;
			productName = Exercise3;
			productReference = 3FEDAC1C2B6725140051A4B3 /* Exercise3.app */;
			productType = "com.apple.product-type.application";
		};
		3FEDAC312B6725150051A4B3 /* Exercise3Tests */ = {
			isa = PBXNativeTarget;
			buildConfigurationList = 3FEDAC492B6725150051A4B3 /* Build configuration list for PBXNativeTarget "Exercise3Tests" */;
			buildPhases = (
				3FEDAC2E2B6725150051A4B3 /* Sources */,
				3FEDAC2F2B6725150051A4B3 /* Frameworks */,
				3FEDAC302B6725150051A4B3 /* Resources */,
			);
			buildRules = (
			);
			dependencies = (
				3FEDAC342B6725150051A4B3 /* PBXTargetDependency */,
			);
			name = Exercise3Tests;
			productName = Exercise3Tests;
			productReference = 3FEDAC322B6725150051A4B3 /* Exercise3Tests.xctest */;
			productType = "com.apple.product-type.bundle.unit-test";
		};
		3FEDAC3B2B6725150051A4B3 /* Exercise3UITests */ = {
			isa = PBXNativeTarget;
			buildConfigurationList = 3FEDAC4C2B6725150051A4B3 /* Build configuration list for PBXNativeTarget "Exercise3UITests" */;
			buildPhases = (
				3FEDAC382B6725150051A4B3 /* Sources */,
				3FEDAC392B6725150051A4B3 /* Frameworks */,
				3FEDAC3A2B6725150051A4B3 /* Resources */,
			);
			buildRules = (
			);
			dependencies = (
				3FEDAC3E2B6725150051A4B3 /* PBXTargetDependency */,
			);
			name = Exercise3UITests;
			productName = Exercise3UITests;
			productReference = 3FEDAC3C2B6725150051A4B3 /* Exercise3UITests.xctest */;
			productType = "com.apple.product-type.bundle.ui-testing";
		};
/* End PBXNativeTarget section */

/* Begin PBXProject section */
		3FEDAC142B6725140051A4B3 /* Project object */ = {
			isa = PBXProject;
			attributes = {
				BuildIndependentTargetsInParallel = 1;
				LastSwiftUpdateCheck = 1420;
				LastUpgradeCheck = 1420;
				TargetAttributes = {
					3FEDAC1B2B6725140051A4B3 = {
						CreatedOnToolsVersion = 14.2;
					};
					3FEDAC312B6725150051A4B3 = {
						CreatedOnToolsVersion = 14.2;
						TestTargetID = 3FEDAC1B2B6725140051A4B3;
					};
					3FEDAC3B2B6725150051A4B3 = {
						CreatedOnToolsVersion = 14.2;
						TestTargetID = 3FEDAC1B2B6725140051A4B3;
					};
				};
			};
			buildConfigurationList = 3FEDAC172B6725140051A4B3 /* Build configuration list for PBXProject "Exercise3" */;
			compatibilityVersion = "Xcode 14.0";
			developmentRegion = en;
			hasScannedForEncodings = 0;
			knownRegions = (
				en,
				Base,
			);
			mainGroup = 3FEDAC132B6725140051A4B3;
			productRefGroup = 3FEDAC1D2B6725140051A4B3 /* Products */;
			projectDirPath = "";
			projectRoot = "";
			targets = (
				3FEDAC1B2B6725140051A4B3 /* Exercise3 */,
				3FEDAC312B6725150051A4B3 /* Exercise3Tests */,
				3FEDAC3B2B6725150051A4B3 /* Exercise3UITests */,
			);
		};
/* End PBXProject section */

/* Begin PBXResourcesBuildPhase section */
		3FEDAC1A2B6725140051A4B3 /* Resources */ = {
			isa = PBXResourcesBuildPhase;
			buildActionMask = 2147483647;
			files = (
				3FEDAC2C2B6725150051A4B3 /* LaunchScreen.storyboard in Resources */,
				3FEDAC292B6725150051A4B3 /* Assets.xcassets in Resources */,
				3FEDAC272B6725140051A4B3 /* Main.storyboard in Resources */,
			);
			runOnlyForDeploymentPostprocessing = 0;
		};
		3FEDAC302B6725150051A4B3 /* Resources */ = {
			isa = PBXResourcesBuildPhase;
			buildActionMask = 2147483647;
			files = (
			);
			runOnlyForDeploymentPostprocessing = 0;
		};
		3FEDAC3A2B6725150051A4B3 /* Resources */ = {
			isa = PBXResourcesBuildPhase;
			buildActionMask = 2147483647;
			files = (
			);
			runOnlyForDeploymentPostprocessing = 0;
		};
/* End PBXResourcesBuildPhase section */

/* Begin PBXSourcesBuildPhase section */
		3FEDAC182B6725140051A4B3 /* Sources */ = {
			isa = PBXSourcesBuildPhase;
			buildActionMask = 2147483647;
			files = (
				3FEDAC242B6725140051A4B3 /* ViewController.swift in Sources */,
				3FEDAC202B6725140051A4B3 /* AppDelegate.swift in Sources */,
				3FEDAC222B6725140051A4B3 /* SceneDelegate.swift in Sources */,
			);
			runOnlyForDeploymentPostprocessing = 0;
		};
		3FEDAC2E2B6725150051A4B3 /* Sources */ = {
			isa = PBXSourcesBuildPhase;
			buildActionMask = 2147483647;
			files = (
				3FEDAC372B6725150051A4B3 /* Exercise3Tests.swift in Sources */,
			);
			runOnlyForDeploymentPostprocessing = 0;
		};
		3FEDAC382B6725150051A4B3 /* Sources */ = {
			isa = PBXSourcesBuildPhase;
			buildActionMask = 2147483647;
			files = (
				3FEDAC432B6725150051A4B3 /* Exercise3UITestsLaunchTests.swift in Sources */,
				3FEDAC412B6725150051A4B3 /* Exercise3UITests.swift in Sources */,
			);
			runOnlyForDeploymentPostprocessing = 0;
		};
/* End PBXSourcesBuildPhase section */

/* Begin PBXTargetDependency section */
		3FEDAC342B6725150051A4B3 /* PBXTargetDependency */ = {
			isa = PBXTargetDependency;
			target = 3FEDAC1B2B6725140051A4B3 /* Exercise3 */;
			targetProxy = 3FEDAC332B6725150051A4B3 /* PBXContainerItemProxy */;
		};
		3FEDAC3E2B6725150051A4B3 /* PBXTargetDependency */ = {
			isa = PBXTargetDependency;
			target = 3FEDAC1B2B6725140051A4B3 /* Exercise3 */;
			targetProxy = 3FEDAC3D2B6725150051A4B3 /* PBXContainerItemProxy */;
		};
/* End PBXTargetDependency section */

/* Begin PBXVariantGroup section */
		3FEDAC252B6725140051A4B3 /* Main.storyboard */ = {
			isa = PBXVariantGroup;
			children = (
				3FEDAC262B6725140051A4B3 /* Base */,
			);
			name = Main.storyboard;
			sourceTree = "<group>";
		};
		3FEDAC2A2B6725150051A4B3 /* LaunchScreen.storyboard */ = {
			isa = PBXVariantGroup;
			children = (
				3FEDAC2B2B6725150051A4B3 /* Base */,
			);
			name = LaunchScreen.storyboard;
			sourceTree = "<group>";
		};
/* End PBXVariantGroup section */

/* Begin XCBuildConfiguration section */
		3FEDAC442B6725150051A4B3 /* Debug */ = {
			isa = XCBuildConfiguration;
			buildSettings = {
				ALWAYS_SEARCH_USER_PATHS = NO;
				CLANG_ANALYZER_NONNULL = YES;
				CLANG_ANALYZER_NUMBER_OBJECT_CONVERSION = YES_AGGRESSIVE;
				CLANG_CXX_LANGUAGE_STANDARD = "gnu++20";
				CLANG_ENABLE_MODULES = YES;
				CLANG_ENABLE_OBJC_ARC = YES;
				CLANG_ENABLE_OBJC_WEAK = YES;
				CLANG_WARN_BLOCK_CAPTURE_AUTORELEASING = YES;
				CLANG_WARN_BOOL_CONVERSION = YES;
				CLANG_WARN_COMMA = YES;
				CLANG_WARN_CONSTANT_CONVERSION = YES;
				CLANG_WARN_DEPRECATED_OBJC_IMPLEMENTATIONS = YES;
				CLANG_WARN_DIRECT_OBJC_ISA_USAGE = YES_ERROR;
				CLANG_WARN_DOCUMENTATION_COMMENTS = YES;
				CLANG_WARN_EMPTY_BODY = YES;
				CLANG_WARN_ENUM_CONVERSION = YES;
				CLANG_WARN_INFINITE_RECURSION = YES;
				CLANG_WARN_INT_CONVERSION = YES;
				CLANG_WARN_NON_LITERAL_NULL_CONVERSION = YES;
				CLANG_WARN_OBJC_IMPLICIT_RETAIN_SELF = YES;
				CLANG_WARN_OBJC_LITERAL_CONVERSION = YES;
				CLANG_WARN_OBJC_ROOT_CLASS = YES_ERROR;
				CLANG_WARN_QUOTED_INCLUDE_IN_FRAMEWORK_HEADER = YES;
				CLANG_WARN_RANGE_LOOP_ANALYSIS = YES;
				CLANG_WARN_STRICT_PROTOTYPES = YES;
				CLANG_WARN_SUSPICIOUS_MOVE = YES;
				CLANG_WARN_UNGUARDED_AVAILABILITY = YES_AGGRESSIVE;
				CLANG_WARN_UNREACHABLE_CODE = YES;
				CLANG_WARN__DUPLICATE_METHOD_MATCH = YES;
				COPY_PHASE_STRIP = NO;
				DEBUG_INFORMATION_FORMAT = dwarf;
				ENABLE_STRICT_OBJC_MSGSEND = YES;
				ENABLE_TESTABILITY = YES;
				GCC_C_LANGUAGE_STANDARD = gnu11;
				GCC_DYNAMIC_NO_PIC = NO;
				GCC_NO_COMMON_BLOCKS = YES;
				GCC_OPTIMIZATION_LEVEL = 0;
				GCC_PREPROCESSOR_DEFINITIONS = (
					"DEBUG=1",
					"$(inherited)",
				);
				GCC_WARN_64_TO_32_BIT_CONVERSION = YES;
				GCC_WARN_ABOUT_RETURN_TYPE = YES_ERROR;
				GCC_WARN_UNDECLARED_SELECTOR = YES;
				GCC_WARN_UNINITIALIZED_AUTOS = YES_AGGRESSIVE;
				GCC_WARN_UNUSED_FUNCTION = YES;
				GCC_WARN_UNUSED_VARIABLE = YES;
				IPHONEOS_DEPLOYMENT_TARGET = 16.2;
				MTL_ENABLE_DEBUG_INFO = INCLUDE_SOURCE;
				MTL_FAST_MATH = YES;
				ONLY_ACTIVE_ARCH = YES;
				SDKROOT = iphoneos;
				SWIFT_ACTIVE_COMPILATION_CONDITIONS = DEBUG;
				SWIFT_OPTIMIZATION_LEVEL = "-Onone";
			};
			name = Debug;
		};
		3FEDAC452B6725150051A4B3 /* Release */ = {
			isa = XCBuildConfiguration;
			buildSettings = {
				ALWAYS_SEARCH_USER_PATHS = NO;
				CLANG_ANALYZER_NONNULL = YES;
				CLANG_ANALYZER_NUMBER_OBJECT_CONVERSION = YES_AGGRESSIVE;
				CLANG_CXX_LANGUAGE_STANDARD = "gnu++20";
				CLANG_ENABLE_MODULES = YES;
				CLANG_ENABLE_OBJC_ARC = YES;
				CLANG_ENABLE_OBJC_WEAK = YES;
				CLANG_WARN_BLOCK_CAPTURE_AUTORELEASING = YES;
				CLANG_WARN_BOOL_CONVERSION = YES;
				CLANG_WARN_COMMA = YES;
				CLANG_WARN_CONSTANT_CONVERSION = YES;
				CLANG_WARN_DEPRECATED_OBJC_IMPLEMENTATIONS = YES;
				CLANG_WARN_DIRECT_OBJC_ISA_USAGE = YES_ERROR;
				CLANG_WARN_DOCUMENTATION_COMMENTS = YES;
				CLANG_WARN_EMPTY_BODY = YES;
				CLANG_WARN_ENUM_CONVERSION = YES;
				CLANG_WARN_INFINITE_RECURSION = YES;
				CLANG_WARN_INT_CONVERSION = YES;
				CLANG_WARN_NON_LITERAL_NULL_CONVERSION = YES;
				CLANG_WARN_OBJC_IMPLICIT_RETAIN_SELF = YES;
				CLANG_WARN_OBJC_LITERAL_CONVERSION = YES;
				CLANG_WARN_OBJC_ROOT_CLASS = YES_ERROR;
				CLANG_WARN_QUOTED_INCLUDE_IN_FRAMEWORK_HEADER = YES;
				CLANG_WARN_RANGE_LOOP_ANALYSIS = YES;
				CLANG_WARN_STRICT_PROTOTYPES = YES;
				CLANG_WARN_SUSPICIOUS_MOVE = YES;
				CLANG_WARN_UNGUARDED_AVAILABILITY = YES_AGGRESSIVE;
				CLANG_WARN_UNREACHABLE_CODE = YES;
				CLANG_WARN__DUPLICATE_METHOD_MATCH = YES;
				COPY_PHASE_STRIP = NO;
				DEBUG_INFORMATION_FORMAT = "dwarf-with-dsym";
				ENABLE_NS_ASSERTIONS = NO;
				ENABLE_STRICT_OBJC_MSGSEND = YES;
				GCC_C_LANGUAGE_STANDARD = gnu11;
				GCC_NO_COMMON_BLOCKS = YES;
				GCC_WARN_64_TO_32_BIT_CONVERSION = YES;
				GCC_WARN_ABOUT_RETURN_TYPE = YES_ERROR;
				GCC_WARN_UNDECLARED_SELECTOR = YES;
				GCC_WARN_UNINITIALIZED_AUTOS = YES_AGGRESSIVE;
				GCC_WARN_UNUSED_FUNCTION = YES;
				GCC_WARN_UNUSED_VARIABLE = YES;
				IPHONEOS_DEPLOYMENT_TARGET = 16.2;
				MTL_ENABLE_DEBUG_INFO = NO;
				MTL_FAST_MATH = YES;
				SDKROOT = iphoneos;
				SWIFT_COMPILATION_MODE = wholemodule;
				SWIFT_OPTIMIZATION_LEVEL = "-O";
				VALIDATE_PRODUCT = YES;
			};
			name = Release;
		};
		3FEDAC472B6725150051A4B3 /* Debug */ = {
			isa = XCBuildConfiguration;
			buildSettings = {
				ASSETCATALOG_COMPILER_APPICON_NAME = AppIcon;
				ASSETCATALOG_COMPILER_GLOBAL_ACCENT_COLOR_NAME = AccentColor;
				CODE_SIGN_STYLE = Automatic;
				CURRENT_PROJECT_VERSION = 1;
				GENERATE_INFOPLIST_FILE = YES;
				INFOPLIST_FILE = Exercise3/Info.plist;
				INFOPLIST_KEY_UIApplicationSupportsIndirectInputEvents = YES;
				INFOPLIST_KEY_UILaunchStoryboardName = LaunchScreen;
				INFOPLIST_KEY_UIMainStoryboardFile = Main;
				INFOPLIST_KEY_UISupportedInterfaceOrientations_iPad = "UIInterfaceOrientationPortrait UIInterfaceOrientationPortraitUpsideDown UIInterfaceOrientationLandscapeLeft UIInterfaceOrientationLandscapeRight";
				INFOPLIST_KEY_UISupportedInterfaceOrientations_iPhone = "UIInterfaceOrientationPortrait UIInterfaceOrientationLandscapeLeft UIInterfaceOrientationLandscapeRight";
				LD_RUNPATH_SEARCH_PATHS = (
					"$(inherited)",
					"@executable_path/Frameworks",
				);
				MARKETING_VERSION = 1.0;
				PRODUCT_BUNDLE_IDENTIFIER = com.project.Exercise3;
				PRODUCT_NAME = "$(TARGET_NAME)";
				SWIFT_EMIT_LOC_STRINGS = YES;
				SWIFT_VERSION = 5.0;
				TARGETED_DEVICE_FAMILY = "1,2";
			};
			name = Debug;
		};
		3FEDAC482B6725150051A4B3 /* Release */ = {
			isa = XCBuildConfiguration;
			buildSettings = {
				ASSETCATALOG_COMPILER_APPICON_NAME = AppIcon;
				ASSETCATALOG_COMPILER_GLOBAL_ACCENT_COLOR_NAME = AccentColor;
				CODE_SIGN_STYLE = Automatic;
				CURRENT_PROJECT_VERSION = 1;
				GENERATE_INFOPLIST_FILE = YES;
				INFOPLIST_FILE = Exercise3/Info.plist;
				INFOPLIST_KEY_UIApplicationSupportsIndirectInputEvents = YES;
				INFOPLIST_KEY_UILaunchStoryboardName = LaunchScreen;
				INFOPLIST_KEY_UIMainStoryboardFile = Main;
				INFOPLIST_KEY_UISupportedInterfaceOrientations_iPad = "UIInterfaceOrientationPortrait UIInterfaceOrientationPortraitUpsideDown UIInterfaceOrientationLandscapeLeft UIInterfaceOrientationLandscapeRight";
				INFOPLIST_KEY_UISupportedInterfaceOrientations_iPhone = "UIInterfaceOrientationPortrait UIInterfaceOrientationLandscapeLeft UIInterfaceOrientationLandscapeRight";
				LD_RUNPATH_SEARCH_PATHS = (
					"$(inherited)",
					"@executable_path/Frameworks",
				);
				MARKETING_VERSION = 1.0;
				PRODUCT_BUNDLE_IDENTIFIER = com.project.Exercise3;
				PRODUCT_NAME = "$(TARGET_NAME)";
				SWIFT_EMIT_LOC_STRINGS = YES;
				SWIFT_VERSION = 5.0;
				TARGETED_DEVICE_FAMILY = "1,2";
			};
			name = Release;
		};
		3FEDAC4A2B6725150051A4B3 /* Debug */ = {
			isa = XCBuildConfiguration;
			buildSettings = {
				ALWAYS_EMBED_SWIFT_STANDARD_LIBRARIES = YES;
				BUNDLE_LOADER = "$(TEST_HOST)";
				CODE_SIGN_STYLE = Automatic;
				CURRENT_PROJECT_VERSION = 1;
				GENERATE_INFOPLIST_FILE = YES;
				IPHONEOS_DEPLOYMENT_TARGET = 16.2;
				MARKETING_VERSION = 1.0;
				PRODUCT_BUNDLE_IDENTIFIER = com.project.Exercise3Tests;
				PRODUCT_NAME = "$(TARGET_NAME)";
				SWIFT_EMIT_LOC_STRINGS = NO;
				SWIFT_VERSION = 5.0;
				TARGETED_DEVICE_FAMILY = "1,2";
				TEST_HOST = "$(BUILT_PRODUCTS_DIR)/Exercise3.app/$(BUNDLE_EXECUTABLE_FOLDER_PATH)/Exercise3";
			};
			name = Debug;
		};
		3FEDAC4B2B6725150051A4B3 /* Release */ = {
			isa = XCBuildConfiguration;
			buildSettings = {
				ALWAYS_EMBED_SWIFT_STANDARD_LIBRARIES = YES;
				BUNDLE_LOADER = "$(TEST_HOST)";
				CODE_SIGN_STYLE = Automatic;
				CURRENT_PROJECT_VERSION = 1;
				GENERATE_INFOPLIST_FILE = YES;
				IPHONEOS_DEPLOYMENT_TARGET = 16.2;
				MARKETING_VERSION = 1.0;
				PRODUCT_BUNDLE_IDENTIFIER = com.project.Exercise3Tests;
				PRODUCT_NAME = "$(TARGET_NAME)";
				SWIFT_EMIT_LOC_STRINGS = NO;
				SWIFT_VERSION = 5.0;
				TARGETED_DEVICE_FAMILY = "1,2";
				TEST_HOST = "$(BUILT_PRODUCTS_DIR)/Exercise3.app/$(BUNDLE_EXECUTABLE_FOLDER_PATH)/Exercise3";
			};
			name = Release;
		};
		3FEDAC4D2B6725150051A4B3 /* Debug */ = {
			isa = XCBuildConfiguration;
			buildSettings = {
				ALWAYS_EMBED_SWIFT_STANDARD_LIBRARIES = YES;
				CODE_SIGN_STYLE = Automatic;
				CURRENT_PROJECT_VERSION = 1;
				GENERATE_INFOPLIST_FILE = YES;
				MARKETING_VERSION = 1.0;
				PRODUCT_BUNDLE_IDENTIFIER = com.project.Exercise3UITests;
				PRODUCT_NAME = "$(TARGET_NAME)";
				SWIFT_EMIT_LOC_STRINGS = NO;
				SWIFT_VERSION = 5.0;
				TARGETED_DEVICE_FAMILY = "1,2";
				TEST_TARGET_NAME = Exercise3;
			};
			name = Debug;
		};
		3FEDAC4E2B6725150051A4B3 /* Release */ = {
			isa = XCBuildConfiguration;
			buildSettings = {
				ALWAYS_EMBED_SWIFT_STANDARD_LIBRARIES = YES;
				CODE_SIGN_STYLE = Automatic;
				CURRENT_PROJECT_VERSION = 1;
				GENERATE_INFOPLIST_FILE = YES;
				MARKETING_VERSION = 1.0;
				PRODUCT_BUNDLE_IDENTIFIER = com.project.Exercise3UITests;
				PRODUCT_NAME = "$(TARGET_NAME)";
				SWIFT_EMIT_LOC_STRINGS = NO;
				SWIFT_VERSION = 5.0;
				TARGETED_DEVICE_FAMILY = "1,2";
				TEST_TARGET_NAME = Exercise3;
			};
			name = Release;
		};
/* End XCBuildConfiguration section */

/* Begin XCConfigurationList section */
		3FEDAC172B6725140051A4B3 /* Build configuration list for PBXProject "Exercise3" */ = {
			isa = XCConfigurationList;
			buildConfigurations = (
				3FEDAC442B6725150051A4B3 /* Debug */,
				3FEDAC452B6725150051A4B3 /* Release */,
			);
			defaultConfigurationIsVisible = 0;
			defaultConfigurationName = Release;
		};
		3FEDAC462B6725150051A4B3 /* Build configuration list for PBXNativeTarget "Exercise3" */ = {
			isa = XCConfigurationList;
			buildConfigurations = (
				3FEDAC472B6725150051A4B3 /* Debug */,
				3FEDAC482B6725150051A4B3 /* Release */,
			);
			defaultConfigurationIsVisible = 0;
			defaultConfigurationName = Release;
		};
		3FEDAC492B6725150051A4B3 /* Build configuration list for PBXNativeTarget "Exercise3Tests" */ = {
			isa = XCConfigurationList;
			buildConfigurations = (
				3FEDAC4A2B6725150051A4B3 /* Debug */,
				3FEDAC4B2B6725150051A4B3 /* Release */,
			);
			defaultConfigurationIsVisible = 0;
			defaultConfigurationName = Release;
		};
		3FEDAC4C2B6725150051A4B3 /* Build configuration list for PBXNativeTarget "Exercise3UITests" */ = {
			isa = XCConfigurationList;
			buildConfigurations = (
				3FEDAC4D2B6725150051A4B3 /* Debug */,
				3FEDAC4E2B6725150051A4B3 /* Release */,
			);
			defaultConfigurationIsVisible = 0;
			defaultConfigurationName = Release;
		};
/* End XCConfigurationList section */
	};
	rootObject = 3FEDAC142B6725140051A4B3 /* Project object */;
}
